
Microsoft Visual Studio Solution File, Format Version 12.00
# Visual Studio Version 16
VisualStudioVersion = 16.0.30002.166
MinimumVisualStudioVersion = 10.0.40219.1
Project("{9A19103F-16F7-4668-BE54-9A1E7A4F7556}") = "PlanteraMera_v2", "PlanteraMera_v2\PlanteraMera_v2.csproj", "{5B251570-8067-47BD-A5AC-5CAECC91B6EE}"
EndProject
Project("{9A19103F-16F7-4668-BE54-9A1E7A4F7556}") = "OrdersService", "OrdersService\OrdersService.csproj", "{5DE6C539-CAF4-43E9-ABDE-F8F18CA8335E}"
EndProject
Project("{9A19103F-16F7-4668-BE54-9A1E7A4F7556}") = "OrdersService.Tests", "OrdersService.Tests\OrdersService.Tests.csproj", "{B2256E65-EFAC-40FB-81F9-6AE46FC4F801}"
EndProject
Project("{9A19103F-16F7-4668-BE54-9A1E7A4F7556}") = "SeedsService", "SeedsService\SeedsService.csproj", "{537F68B8-F52C-4031-95C7-90D1048685E0}"
EndProject
Project("{9A19103F-16F7-4668-BE54-9A1E7A4F7556}") = "SeedsService.Tests", "SeedsService.Tests\SeedsService.Tests.csproj", "{B8E51F10-D3DC-477A-8DE6-C638D6C8B594}"
EndProject
Global
	GlobalSection(SolutionConfigurationPlatforms) = preSolution
		Debug|Any CPU = Debug|Any CPU
		Release|Any CPU = Release|Any CPU
	EndGlobalSection
	GlobalSection(ProjectConfigurationPlatforms) = postSolution
		{5B251570-8067-47BD-A5AC-5CAECC91B6EE}.Debug|Any CPU.ActiveCfg = Debug|Any CPU
		{5B251570-8067-47BD-A5AC-5CAECC91B6EE}.Debug|Any CPU.Build.0 = Debug|Any CPU
		{5B251570-8067-47BD-A5AC-5CAECC91B6EE}.Release|Any CPU.ActiveCfg = Release|Any CPU
		{5B251570-8067-47BD-A5AC-5CAECC91B6EE}.Release|Any CPU.Build.0 = Release|Any CPU
		{5DE6C539-CAF4-43E9-ABDE-F8F18CA8335E}.Debug|Any CPU.ActiveCfg = Debug|Any CPU
		{5DE6C539-CAF4-43E9-ABDE-F8F18CA8335E}.Debug|Any CPU.Build.0 = Debug|Any CPU
		{5DE6C539-CAF4-43E9-ABDE-F8F18CA8335E}.Release|Any CPU.ActiveCfg = Release|Any CPU
		{5DE6C539-CAF4-43E9-ABDE-F8F18CA8335E}.Release|Any CPU.Build.0 = Release|Any CPU
		{B2256E65-EFAC-40FB-81F9-6AE46FC4F801}.Debug|Any CPU.ActiveCfg = Debug|Any CPU
		{B2256E65-EFAC-40FB-81F9-6AE46FC4F801}.Debug|Any CPU.Build.0 = Debug|Any CPU
		{B2256E65-EFAC-40FB-81F9-6AE46FC4F801}.Release|Any CPU.ActiveCfg = Release|Any CPU
		{B2256E65-EFAC-40FB-81F9-6AE46FC4F801}.Release|Any CPU.Build.0 = Release|Any CPU
		{537F68B8-F52C-4031-95C7-90D1048685E0}.Debug|Any CPU.ActiveCfg = Debug|Any CPU
		{537F68B8-F52C-4031-95C7-90D1048685E0}.Debug|Any CPU.Build.0 = Debug|Any CPU
		{537F68B8-F52C-4031-95C7-90D1048685E0}.Release|Any CPU.ActiveCfg = Release|Any CPU
		{537F68B8-F52C-4031-95C7-90D1048685E0}.Release|Any CPU.Build.0 = Release|Any CPU
		{B8E51F10-D3DC-477A-8DE6-C638D6C8B594}.Debug|Any CPU.ActiveCfg = Debug|Any CPU
		{B8E51F10-D3DC-477A-8DE6-C638D6C8B594}.Debug|Any CPU.Build.0 = Debug|Any CPU
		{B8E51F10-D3DC-477A-8DE6-C638D6C8B594}.Release|Any CPU.ActiveCfg = Release|Any CPU
		{B8E51F10-D3DC-477A-8DE6-C638D6C8B594}.Release|Any CPU.Build.0 = Release|Any CPU
	EndGlobalSection
	GlobalSection(SolutionProperties) = preSolution
		HideSolutionNode = FALSE
	EndGlobalSection
	GlobalSection(ExtensibilityGlobals) = postSolution
		SolutionGuid = {98770354-0088-4652-A805-4248E14B909F}
	EndGlobalSection
EndGlobal
